{
  "nodes": {
    "nixpkgs": {
      "locked": {
        "lastModified": 0,
        "narHash": "sha256-VIAjBr1qGcEbmhLwQJD6TABppPMggzOvqFsqkDoMsAY=",
        "path": "/nix/store/smgkshm3r00a4rl7gw5ymgfqsd2k573l-source",
        "type": "path"
      },
      "original": {
        "id": "nixpkgs",
        "type": "indirect"
      }
    },
    "root": {
      "inputs": {
        "nixpkgs": "nixpkgs"
      }
    }
  },
  "root": "root",
  "version": 7
}
